
Microsoft Visual Studio Solution File, Format Version 12.00
# Visual Studio Version 16
VisualStudioVersion = 16.0.31410.357
MinimumVisualStudioVersion = 10.0.40219.1
Project("{9A19103F-16F7-4668-BE54-9A1E7A4F7556}") = "GamingWiki.Models", "GamingWiki.Models.csproj", "{99D26BDB-EAC1-4E64-B4FF-8CACBE7893F9}"
EndProject
Global
	GlobalSection(SolutionConfigurationPlatforms) = preSolution
		Debug|Any CPU = Debug|Any CPU
		Release|Any CPU = Release|Any CPU
	EndGlobalSection
	GlobalSection(ProjectConfigurationPlatforms) = postSolution
		{99D26BDB-EAC1-4E64-B4FF-8CACBE7893F9}.Debug|Any CPU.ActiveCfg = Debug|Any CPU
		{99D26BDB-EAC1-4E64-B4FF-8CACBE7893F9}.Debug|Any CPU.Build.0 = Debug|Any CPU
		{99D26BDB-EAC1-4E64-B4FF-8CACBE7893F9}.Release|Any CPU.ActiveCfg = Release|Any CPU
		{99D26BDB-EAC1-4E64-B4FF-8CACBE7893F9}.Release|Any CPU.Build.0 = Release|Any CPU
	EndGlobalSection
	GlobalSection(SolutionProperties) = preSolution
		HideSolutionNode = FALSE
	EndGlobalSection
	GlobalSection(ExtensibilityGlobals) = postSolution
		SolutionGuid = {96E92B86-CF80-4956-AF86-754FD49CF98D}
	EndGlobalSection
EndGlobal
