
Microsoft Visual Studio Solution File, Format Version 12.00
# Visual Studio Version 16
VisualStudioVersion = 16.0.31410.357
MinimumVisualStudioVersion = 10.0.40219.1
Project("{9A19103F-16F7-4668-BE54-9A1E7A4F7556}") = "GamingWiki.Services", "GamingWiki.Services\GamingWiki.Services.csproj", "{967F4DB0-1439-4B38-9EC8-9ECD0F168158}"
EndProject
Project("{9A19103F-16F7-4668-BE54-9A1E7A4F7556}") = "GamingWiki.Models", "GameWiki.Models\GamingWiki.Models.csproj", "{944AC996-ADDC-4C54-ABAE-5860EBCC89C7}"
EndProject
Project("{9A19103F-16F7-4668-BE54-9A1E7A4F7556}") = "GamingWiki.Data", "GamingWiki.Data\GamingWiki.Data.csproj", "{D1713AD2-F688-4A33-ACA8-34A510663B31}"
EndProject
Project("{9A19103F-16F7-4668-BE54-9A1E7A4F7556}") = "GamingWiki.Web", "GamingWiki.Web\GamingWiki.Web.csproj", "{06AFCF5C-BDCE-45B2-9B6C-9262B4F5AC54}"
EndProject
Global
	GlobalSection(SolutionConfigurationPlatforms) = preSolution
		Debug|Any CPU = Debug|Any CPU
		Release|Any CPU = Release|Any CPU
	EndGlobalSection
	GlobalSection(ProjectConfigurationPlatforms) = postSolution
		{967F4DB0-1439-4B38-9EC8-9ECD0F168158}.Debug|Any CPU.ActiveCfg = Debug|Any CPU
		{967F4DB0-1439-4B38-9EC8-9ECD0F168158}.Debug|Any CPU.Build.0 = Debug|Any CPU
		{967F4DB0-1439-4B38-9EC8-9ECD0F168158}.Release|Any CPU.ActiveCfg = Release|Any CPU
		{967F4DB0-1439-4B38-9EC8-9ECD0F168158}.Release|Any CPU.Build.0 = Release|Any CPU
		{944AC996-ADDC-4C54-ABAE-5860EBCC89C7}.Debug|Any CPU.ActiveCfg = Debug|Any CPU
		{944AC996-ADDC-4C54-ABAE-5860EBCC89C7}.Debug|Any CPU.Build.0 = Debug|Any CPU
		{944AC996-ADDC-4C54-ABAE-5860EBCC89C7}.Release|Any CPU.ActiveCfg = Release|Any CPU
		{944AC996-ADDC-4C54-ABAE-5860EBCC89C7}.Release|Any CPU.Build.0 = Release|Any CPU
		{D1713AD2-F688-4A33-ACA8-34A510663B31}.Debug|Any CPU.ActiveCfg = Debug|Any CPU
		{D1713AD2-F688-4A33-ACA8-34A510663B31}.Debug|Any CPU.Build.0 = Debug|Any CPU
		{D1713AD2-F688-4A33-ACA8-34A510663B31}.Release|Any CPU.ActiveCfg = Release|Any CPU
		{D1713AD2-F688-4A33-ACA8-34A510663B31}.Release|Any CPU.Build.0 = Release|Any CPU
		{06AFCF5C-BDCE-45B2-9B6C-9262B4F5AC54}.Debug|Any CPU.ActiveCfg = Debug|Any CPU
		{06AFCF5C-BDCE-45B2-9B6C-9262B4F5AC54}.Debug|Any CPU.Build.0 = Debug|Any CPU
		{06AFCF5C-BDCE-45B2-9B6C-9262B4F5AC54}.Release|Any CPU.ActiveCfg = Release|Any CPU
		{06AFCF5C-BDCE-45B2-9B6C-9262B4F5AC54}.Release|Any CPU.Build.0 = Release|Any CPU
	EndGlobalSection
	GlobalSection(SolutionProperties) = preSolution
		HideSolutionNode = FALSE
	EndGlobalSection
	GlobalSection(ExtensibilityGlobals) = postSolution
		SolutionGuid = {BB889F52-08BD-451D-AA81-C0C14CF618B3}
	EndGlobalSection
EndGlobal
